// !$*UTF8*$!
{
	archiveVersion = 1;
	classes = {
	};
	objectVersion = 50;
	objects = {

/* Begin PBXBuildFile section */
		4003E1DC2189B0500057DBB0 /* Api.swift in Sources */ = {isa = PBXBuildFile; fileRef = 4003E1DB2189B0500057DBB0 /* Api.swift */; };
		400BF3B1218BD3DC004E2101 /* PostsController.swift in Sources */ = {isa = PBXBuildFile; fileRef = 400BF3B0218BD3DC004E2101 /* PostsController.swift */; };
		400BF3B3218BD417004E2101 /* PostDetailsController.swift in Sources */ = {isa = PBXBuildFile; fileRef = 400BF3B2218BD417004E2101 /* PostDetailsController.swift */; };
		404AFD9921A9D09D0042BEC1 /* NewPostController.swift in Sources */ = {isa = PBXBuildFile; fileRef = 404AFD9821A9D09D0042BEC1 /* NewPostController.swift */; };
		404AFD9B21AB27210042BEC1 /* Theme.swift in Sources */ = {isa = PBXBuildFile; fileRef = 404AFD9A21AB27210042BEC1 /* Theme.swift */; };
		404AFD9D21AB2F840042BEC1 /* RegistrationController.swift in Sources */ = {isa = PBXBuildFile; fileRef = 404AFD9C21AB2F840042BEC1 /* RegistrationController.swift */; };
		404AFDA321AB79080042BEC1 /* PostsDataModel.swift in Sources */ = {isa = PBXBuildFile; fileRef = 404AFDA221AB79080042BEC1 /* PostsDataModel.swift */; };
		404AFDA821AB7F570042BEC1 /* beefboard.xcdatamodeld in Sources */ = {isa = PBXBuildFile; fileRef = 404AFDA621AB7F570042BEC1 /* beefboard.xcdatamodeld */; };
		404AFDE721AD57B80042BEC1 /* AuthModel.swift in Sources */ = {isa = PBXBuildFile; fileRef = 404AFDE621AD57B80042BEC1 /* AuthModel.swift */; };
		404AFDE921AD5CEA0042BEC1 /* PostCell.swift in Sources */ = {isa = PBXBuildFile; fileRef = 404AFDE821AD5CEA0042BEC1 /* PostCell.swift */; };
		405A723821AEFC03003F4B8A /* RegistrationModel.swift in Sources */ = {isa = PBXBuildFile; fileRef = 405A723721AEFC03003F4B8A /* RegistrationModel.swift */; };
		40BB43B52176042C00B8850C /* AppDelegate.swift in Sources */ = {isa = PBXBuildFile; fileRef = 40BB43B42176042C00B8850C /* AppDelegate.swift */; };
		40BB43B72176042C00B8850C /* LoginController.swift in Sources */ = {isa = PBXBuildFile; fileRef = 40BB43B62176042C00B8850C /* LoginController.swift */; };
		40BB43BA2176042C00B8850C /* Main.storyboard in Resources */ = {isa = PBXBuildFile; fileRef = 40BB43B82176042C00B8850C /* Main.storyboard */; };
		40BB43BC2176042D00B8850C /* Assets.xcassets in Resources */ = {isa = PBXBuildFile; fileRef = 40BB43BB2176042D00B8850C /* Assets.xcassets */; };
		40BB43BF2176042D00B8850C /* LaunchScreen.storyboard in Resources */ = {isa = PBXBuildFile; fileRef = 40BB43BD2176042D00B8850C /* LaunchScreen.storyboard */; };
		40BB43CA2176042D00B8850C /* beefboardTests.swift in Sources */ = {isa = PBXBuildFile; fileRef = 40BB43C92176042D00B8850C /* beefboardTests.swift */; };
		40BB43D52176042D00B8850C /* beefboardUITests.swift in Sources */ = {isa = PBXBuildFile; fileRef = 40BB43D42176042D00B8850C /* beefboardUITests.swift */; };
		40BB43E32176049300B8850C /* .gitignore in Resources */ = {isa = PBXBuildFile; fileRef = 40BB43E22176049300B8850C /* .gitignore */; };
		40F99CDF218C79AF0038882D /* ProfileController.swift in Sources */ = {isa = PBXBuildFile; fileRef = 40F99CDE218C79AF0038882D /* ProfileController.swift */; };
		AE7E792B0038CFFB2A4CAA97 /* Pods_beefboard.framework in Frameworks */ = {isa = PBXBuildFile; fileRef = 07F5B16796D9898D1E4B858D /* Pods_beefboard.framework */; };
/* End PBXBuildFile section */

/* Begin PBXContainerItemProxy section */
		40BB43C62176042D00B8850C /* PBXContainerItemProxy */ = {
			isa = PBXContainerItemProxy;
			containerPortal = 40BB43A92176042C00B8850C /* Project object */;
			proxyType = 1;
			remoteGlobalIDString = 40BB43B02176042C00B8850C;
			remoteInfo = beefboard;
		};
		40BB43D12176042D00B8850C /* PBXContainerItemProxy */ = {
			isa = PBXContainerItemProxy;
			containerPortal = 40BB43A92176042C00B8850C /* Project object */;
			proxyType = 1;
			remoteGlobalIDString = 40BB43B02176042C00B8850C;
			remoteInfo = beefboard;
		};
/* End PBXContainerItemProxy section */

/* Begin PBXFileReference section */
		07F5B16796D9898D1E4B858D /* Pods_beefboard.framework */ = {isa = PBXFileReference; explicitFileType = wrapper.framework; includeInIndex = 0; path = Pods_beefboard.framework; sourceTree = BUILT_PRODUCTS_DIR; };
		3F773A8575180CE9EA4EB9A2 /* Pods-beefboard.release.xcconfig */ = {isa = PBXFileReference; includeInIndex = 1; lastKnownFileType = text.xcconfig; name = "Pods-beefboard.release.xcconfig"; path = "Pods/Target Support Files/Pods-beefboard/Pods-beefboard.release.xcconfig"; sourceTree = "<group>"; };
		4003E1DB2189B0500057DBB0 /* Api.swift */ = {isa = PBXFileReference; lastKnownFileType = sourcecode.swift; path = Api.swift; sourceTree = "<group>"; };
		400BF3B0218BD3DC004E2101 /* PostsController.swift */ = {isa = PBXFileReference; lastKnownFileType = sourcecode.swift; path = PostsController.swift; sourceTree = "<group>"; };
		400BF3B2218BD417004E2101 /* PostDetailsController.swift */ = {isa = PBXFileReference; lastKnownFileType = sourcecode.swift; path = PostDetailsController.swift; sourceTree = "<group>"; };
		404AFD9821A9D09D0042BEC1 /* NewPostController.swift */ = {isa = PBXFileReference; lastKnownFileType = sourcecode.swift; path = NewPostController.swift; sourceTree = "<group>"; };
		404AFD9A21AB27210042BEC1 /* Theme.swift */ = {isa = PBXFileReference; lastKnownFileType = sourcecode.swift; path = Theme.swift; sourceTree = "<group>"; };
		404AFD9C21AB2F840042BEC1 /* RegistrationController.swift */ = {isa = PBXFileReference; lastKnownFileType = sourcecode.swift; path = RegistrationController.swift; sourceTree = "<group>"; };
		404AFDA121AB6C730042BEC1 /* en */ = {isa = PBXFileReference; lastKnownFileType = text.plist.strings; name = en; path = en.lproj/Main.strings; sourceTree = "<group>"; };
		404AFDA221AB79080042BEC1 /* PostsDataModel.swift */ = {isa = PBXFileReference; lastKnownFileType = sourcecode.swift; path = PostsDataModel.swift; sourceTree = "<group>"; };
		404AFDA721AB7F570042BEC1 /* Posts.xcdatamodel */ = {isa = PBXFileReference; lastKnownFileType = wrapper.xcdatamodel; path = Posts.xcdatamodel; sourceTree = "<group>"; };
		404AFDE621AD57B80042BEC1 /* AuthModel.swift */ = {isa = PBXFileReference; lastKnownFileType = sourcecode.swift; path = AuthModel.swift; sourceTree = "<group>"; };
		404AFDE821AD5CEA0042BEC1 /* PostCell.swift */ = {isa = PBXFileReference; lastKnownFileType = sourcecode.swift; path = PostCell.swift; sourceTree = "<group>"; };
		405A723721AEFC03003F4B8A /* RegistrationModel.swift */ = {isa = PBXFileReference; lastKnownFileType = sourcecode.swift; path = RegistrationModel.swift; sourceTree = "<group>"; };
		40BB43B12176042C00B8850C /* beefboard.app */ = {isa = PBXFileReference; explicitFileType = wrapper.application; includeInIndex = 0; path = beefboard.app; sourceTree = BUILT_PRODUCTS_DIR; };
		40BB43B42176042C00B8850C /* AppDelegate.swift */ = {isa = PBXFileReference; lastKnownFileType = sourcecode.swift; path = AppDelegate.swift; sourceTree = "<group>"; };
		40BB43B62176042C00B8850C /* LoginController.swift */ = {isa = PBXFileReference; lastKnownFileType = sourcecode.swift; path = LoginController.swift; sourceTree = "<group>"; };
		40BB43B92176042C00B8850C /* Base */ = {isa = PBXFileReference; lastKnownFileType = file.storyboard; name = Base; path = Base.lproj/Main.storyboard; sourceTree = "<group>"; };
		40BB43BB2176042D00B8850C /* Assets.xcassets */ = {isa = PBXFileReference; lastKnownFileType = folder.assetcatalog; path = Assets.xcassets; sourceTree = "<group>"; };
		40BB43BE2176042D00B8850C /* Base */ = {isa = PBXFileReference; lastKnownFileType = file.storyboard; name = Base; path = Base.lproj/LaunchScreen.storyboard; sourceTree = "<group>"; };
		40BB43C02176042D00B8850C /* Info.plist */ = {isa = PBXFileReference; lastKnownFileType = text.plist.xml; path = Info.plist; sourceTree = "<group>"; };
		40BB43C52176042D00B8850C /* beefboardTests.xctest */ = {isa = PBXFileReference; explicitFileType = wrapper.cfbundle; includeInIndex = 0; path = beefboardTests.xctest; sourceTree = BUILT_PRODUCTS_DIR; };
		40BB43C92176042D00B8850C /* beefboardTests.swift */ = {isa = PBXFileReference; lastKnownFileType = sourcecode.swift; path = beefboardTests.swift; sourceTree = "<group>"; };
		40BB43CB2176042D00B8850C /* Info.plist */ = {isa = PBXFileReference; lastKnownFileType = text.plist.xml; path = Info.plist; sourceTree = "<group>"; };
		40BB43D02176042D00B8850C /* beefboardUITests.xctest */ = {isa = PBXFileReference; explicitFileType = wrapper.cfbundle; includeInIndex = 0; path = beefboardUITests.xctest; sourceTree = BUILT_PRODUCTS_DIR; };
		40BB43D42176042D00B8850C /* beefboardUITests.swift */ = {isa = PBXFileReference; lastKnownFileType = sourcecode.swift; path = beefboardUITests.swift; sourceTree = "<group>"; };
		40BB43D62176042D00B8850C /* Info.plist */ = {isa = PBXFileReference; lastKnownFileType = text.plist.xml; path = Info.plist; sourceTree = "<group>"; };
		40BB43E22176049300B8850C /* .gitignore */ = {isa = PBXFileReference; lastKnownFileType = text; path = .gitignore; sourceTree = "<group>"; };
		40BB43E4217604A300B8850C /* README.md */ = {isa = PBXFileReference; lastKnownFileType = net.daringfireball.markdown; path = README.md; sourceTree = "<group>"; };
		40F99CDE218C79AF0038882D /* ProfileController.swift */ = {isa = PBXFileReference; lastKnownFileType = sourcecode.swift; path = ProfileController.swift; sourceTree = "<group>"; };
		5233F8C02C25FE2F47BF4268 /* Pods-beefboard.debug.xcconfig */ = {isa = PBXFileReference; includeInIndex = 1; lastKnownFileType = text.xcconfig; name = "Pods-beefboard.debug.xcconfig"; path = "Pods/Target Support Files/Pods-beefboard/Pods-beefboard.debug.xcconfig"; sourceTree = "<group>"; };
/* End PBXFileReference section */

/* Begin PBXFrameworksBuildPhase section */
		40BB43AE2176042C00B8850C /* Frameworks */ = {
			isa = PBXFrameworksBuildPhase;
			buildActionMask = 2147483647;
			files = (
				AE7E792B0038CFFB2A4CAA97 /* Pods_beefboard.framework in Frameworks */,
			);
			runOnlyForDeploymentPostprocessing = 0;
		};
		40BB43C22176042D00B8850C /* Frameworks */ = {
			isa = PBXFrameworksBuildPhase;
			buildActionMask = 2147483647;
			files = (
			);
			runOnlyForDeploymentPostprocessing = 0;
		};
		40BB43CD2176042D00B8850C /* Frameworks */ = {
			isa = PBXFrameworksBuildPhase;
			buildActionMask = 2147483647;
			files = (
			);
			runOnlyForDeploymentPostprocessing = 0;
		};
/* End PBXFrameworksBuildPhase section */

/* Begin PBXGroup section */
		405A723921AEFCF0003F4B8A /* Data */ = {
			isa = PBXGroup;
			children = (
				4003E1DB2189B0500057DBB0 /* Api.swift */,
			);
			path = Data;
			sourceTree = "<group>";
		};
		405A723A21AEFD5D003F4B8A /* Models */ = {
			isa = PBXGroup;
			children = (
				404AFDA221AB79080042BEC1 /* PostsDataModel.swift */,
				404AFDE621AD57B80042BEC1 /* AuthModel.swift */,
				405A723721AEFC03003F4B8A /* RegistrationModel.swift */,
			);
			path = Models;
			sourceTree = "<group>";
		};
		405A723B21AEFD9D003F4B8A /* Controllers */ = {
			isa = PBXGroup;
			children = (
				40BB43B62176042C00B8850C /* LoginController.swift */,
				400BF3B0218BD3DC004E2101 /* PostsController.swift */,
				400BF3B2218BD417004E2101 /* PostDetailsController.swift */,
				40F99CDE218C79AF0038882D /* ProfileController.swift */,
				404AFD9821A9D09D0042BEC1 /* NewPostController.swift */,
				404AFD9C21AB2F840042BEC1 /* RegistrationController.swift */,
			);
			path = Controllers;
			sourceTree = "<group>";
		};
		405A723C21AEFDBB003F4B8A /* Views */ = {
			isa = PBXGroup;
			children = (
				404AFDE821AD5CEA0042BEC1 /* PostCell.swift */,
			);
			path = Views;
			sourceTree = "<group>";
		};
		40BB43A82176042C00B8850C = {
			isa = PBXGroup;
			children = (
				40BB43E4217604A300B8850C /* README.md */,
				40BB43E22176049300B8850C /* .gitignore */,
				40BB43B32176042C00B8850C /* beefboard */,
				40BB43C82176042D00B8850C /* beefboardTests */,
				40BB43D32176042D00B8850C /* beefboardUITests */,
				40BB43B22176042C00B8850C /* Products */,
				9E351F1AD939FF8755F4CF0C /* Pods */,
				D62442367F52461DCBE8F9D6 /* Frameworks */,
			);
			sourceTree = "<group>";
		};
		40BB43B22176042C00B8850C /* Products */ = {
			isa = PBXGroup;
			children = (
				40BB43B12176042C00B8850C /* beefboard.app */,
				40BB43C52176042D00B8850C /* beefboardTests.xctest */,
				40BB43D02176042D00B8850C /* beefboardUITests.xctest */,
			);
			name = Products;
			sourceTree = "<group>";
		};
		40BB43B32176042C00B8850C /* beefboard */ = {
			isa = PBXGroup;
			children = (
				405A723B21AEFD9D003F4B8A /* Controllers */,
				405A723A21AEFD5D003F4B8A /* Models */,
				405A723921AEFCF0003F4B8A /* Data */,
				40BB43B42176042C00B8850C /* AppDelegate.swift */,
				404AFDA621AB7F570042BEC1 /* beefboard.xcdatamodeld */,
				40BB43B82176042C00B8850C /* Main.storyboard */,
				40BB43BB2176042D00B8850C /* Assets.xcassets */,
				40BB43BD2176042D00B8850C /* LaunchScreen.storyboard */,
				40BB43C02176042D00B8850C /* Info.plist */,
				404AFD9A21AB27210042BEC1 /* Theme.swift */,
				405A723C21AEFDBB003F4B8A /* Views */,
			);
			path = beefboard;
			sourceTree = "<group>";
		};
		40BB43C82176042D00B8850C /* beefboardTests */ = {
			isa = PBXGroup;
			children = (
				40BB43C92176042D00B8850C /* beefboardTests.swift */,
				40BB43CB2176042D00B8850C /* Info.plist */,
			);
			path = beefboardTests;
			sourceTree = "<group>";
		};
		40BB43D32176042D00B8850C /* beefboardUITests */ = {
			isa = PBXGroup;
			children = (
				40BB43D42176042D00B8850C /* beefboardUITests.swift */,
				40BB43D62176042D00B8850C /* Info.plist */,
			);
			path = beefboardUITests;
			sourceTree = "<group>";
		};
		9E351F1AD939FF8755F4CF0C /* Pods */ = {
			isa = PBXGroup;
			children = (
				5233F8C02C25FE2F47BF4268 /* Pods-beefboard.debug.xcconfig */,
				3F773A8575180CE9EA4EB9A2 /* Pods-beefboard.release.xcconfig */,
			);
			name = Pods;
			sourceTree = "<group>";
		};
		D62442367F52461DCBE8F9D6 /* Frameworks */ = {
			isa = PBXGroup;
			children = (
				07F5B16796D9898D1E4B858D /* Pods_beefboard.framework */,
			);
			name = Frameworks;
			sourceTree = "<group>";
		};
/* End PBXGroup section */

/* Begin PBXNativeTarget section */
		40BB43B02176042C00B8850C /* beefboard */ = {
			isa = PBXNativeTarget;
			buildConfigurationList = 40BB43D92176042D00B8850C /* Build configuration list for PBXNativeTarget "beefboard" */;
			buildPhases = (
				545C588FC8E9F38CD1E88F32 /* [CP] Check Pods Manifest.lock */,
				40BB43AD2176042C00B8850C /* Sources */,
				40BB43AE2176042C00B8850C /* Frameworks */,
				40BB43AF2176042C00B8850C /* Resources */,
				25787245DE747E8B195D54D5 /* [CP] Embed Pods Frameworks */,
			);
			buildRules = (
			);
			dependencies = (
			);
			name = beefboard;
			productName = beefboard;
			productReference = 40BB43B12176042C00B8850C /* beefboard.app */;
			productType = "com.apple.product-type.application";
		};
		40BB43C42176042D00B8850C /* beefboardTests */ = {
			isa = PBXNativeTarget;
			buildConfigurationList = 40BB43DC2176042D00B8850C /* Build configuration list for PBXNativeTarget "beefboardTests" */;
			buildPhases = (
				40BB43C12176042D00B8850C /* Sources */,
				40BB43C22176042D00B8850C /* Frameworks */,
				40BB43C32176042D00B8850C /* Resources */,
			);
			buildRules = (
			);
			dependencies = (
				40BB43C72176042D00B8850C /* PBXTargetDependency */,
			);
			name = beefboardTests;
			productName = beefboardTests;
			productReference = 40BB43C52176042D00B8850C /* beefboardTests.xctest */;
			productType = "com.apple.product-type.bundle.unit-test";
		};
		40BB43CF2176042D00B8850C /* beefboardUITests */ = {
			isa = PBXNativeTarget;
			buildConfigurationList = 40BB43DF2176042D00B8850C /* Build configuration list for PBXNativeTarget "beefboardUITests" */;
			buildPhases = (
				40BB43CC2176042D00B8850C /* Sources */,
				40BB43CD2176042D00B8850C /* Frameworks */,
				40BB43CE2176042D00B8850C /* Resources */,
			);
			buildRules = (
			);
			dependencies = (
				40BB43D22176042D00B8850C /* PBXTargetDependency */,
			);
			name = beefboardUITests;
			productName = beefboardUITests;
			productReference = 40BB43D02176042D00B8850C /* beefboardUITests.xctest */;
			productType = "com.apple.product-type.bundle.ui-testing";
		};
/* End PBXNativeTarget section */

/* Begin PBXProject section */
		40BB43A92176042C00B8850C /* Project object */ = {
			isa = PBXProject;
			attributes = {
				LastSwiftUpdateCheck = 1000;
				LastUpgradeCheck = 1000;
				ORGANIZATIONNAME = "Oliver Bell";
				TargetAttributes = {
					40BB43B02176042C00B8850C = {
						CreatedOnToolsVersion = 10.0;
					};
					40BB43C42176042D00B8850C = {
						CreatedOnToolsVersion = 10.0;
						TestTargetID = 40BB43B02176042C00B8850C;
					};
					40BB43CF2176042D00B8850C = {
						CreatedOnToolsVersion = 10.0;
						TestTargetID = 40BB43B02176042C00B8850C;
					};
				};
			};
			buildConfigurationList = 40BB43AC2176042C00B8850C /* Build configuration list for PBXProject "beefboard" */;
			compatibilityVersion = "Xcode 9.3";
			developmentRegion = en;
			hasScannedForEncodings = 0;
			knownRegions = (
				en,
				Base,
			);
			mainGroup = 40BB43A82176042C00B8850C;
			productRefGroup = 40BB43B22176042C00B8850C /* Products */;
			projectDirPath = "";
			projectRoot = "";
			targets = (
				40BB43B02176042C00B8850C /* beefboard */,
				40BB43C42176042D00B8850C /* beefboardTests */,
				40BB43CF2176042D00B8850C /* beefboardUITests */,
			);
		};
/* End PBXProject section */

/* Begin PBXResourcesBuildPhase section */
		40BB43AF2176042C00B8850C /* Resources */ = {
			isa = PBXResourcesBuildPhase;
			buildActionMask = 2147483647;
			files = (
				40BB43E32176049300B8850C /* .gitignore in Resources */,
				40BB43BF2176042D00B8850C /* LaunchScreen.storyboard in Resources */,
				40BB43BC2176042D00B8850C /* Assets.xcassets in Resources */,
				40BB43BA2176042C00B8850C /* Main.storyboard in Resources */,
			);
			runOnlyForDeploymentPostprocessing = 0;
		};
		40BB43C32176042D00B8850C /* Resources */ = {
			isa = PBXResourcesBuildPhase;
			buildActionMask = 2147483647;
			files = (
			);
			runOnlyForDeploymentPostprocessing = 0;
		};
		40BB43CE2176042D00B8850C /* Resources */ = {
			isa = PBXResourcesBuildPhase;
			buildActionMask = 2147483647;
			files = (
			);
			runOnlyForDeploymentPostprocessing = 0;
		};
/* End PBXResourcesBuildPhase section */

/* Begin PBXShellScriptBuildPhase section */
		25787245DE747E8B195D54D5 /* [CP] Embed Pods Frameworks */ = {
			isa = PBXShellScriptBuildPhase;
			buildActionMask = 2147483647;
			files = (
			);
			inputFileListPaths = (
			);
			inputPaths = (
				"${SRCROOT}/Pods/Target Support Files/Pods-beefboard/Pods-beefboard-frameworks.sh",
				"${BUILT_PRODUCTS_DIR}/Alamofire/Alamofire.framework",
				"${BUILT_PRODUCTS_DIR}/AwaitKit/AwaitKit.framework",
				"${BUILT_PRODUCTS_DIR}/ImageSlideshow/ImageSlideshow.framework",
				"${BUILT_PRODUCTS_DIR}/Kingfisher/Kingfisher.framework",
				"${BUILT_PRODUCTS_DIR}/PromiseKit/PromiseKit.framework",
			);
			name = "[CP] Embed Pods Frameworks";
			outputFileListPaths = (
			);
			outputPaths = (
				"${TARGET_BUILD_DIR}/${FRAMEWORKS_FOLDER_PATH}/Alamofire.framework",
				"${TARGET_BUILD_DIR}/${FRAMEWORKS_FOLDER_PATH}/AwaitKit.framework",
				"${TARGET_BUILD_DIR}/${FRAMEWORKS_FOLDER_PATH}/ImageSlideshow.framework",
				"${TARGET_BUILD_DIR}/${FRAMEWORKS_FOLDER_PATH}/Kingfisher.framework",
				"${TARGET_BUILD_DIR}/${FRAMEWORKS_FOLDER_PATH}/PromiseKit.framework",
			);
			runOnlyForDeploymentPostprocessing = 0;
			shellPath = /bin/sh;
			shellScript = "\"${SRCROOT}/Pods/Target Support Files/Pods-beefboard/Pods-beefboard-frameworks.sh\"\n";
			showEnvVarsInLog = 0;
		};
		545C588FC8E9F38CD1E88F32 /* [CP] Check Pods Manifest.lock */ = {
			isa = PBXShellScriptBuildPhase;
			buildActionMask = 2147483647;
			files = (
			);
			inputFileListPaths = (
			);
			inputPaths = (
				"${PODS_PODFILE_DIR_PATH}/Podfile.lock",
				"${PODS_ROOT}/Manifest.lock",
			);
			name = "[CP] Check Pods Manifest.lock";
			outputFileListPaths = (
			);
			outputPaths = (
				"$(DERIVED_FILE_DIR)/Pods-beefboard-checkManifestLockResult.txt",
			);
			runOnlyForDeploymentPostprocessing = 0;
			shellPath = /bin/sh;
			shellScript = "diff \"${PODS_PODFILE_DIR_PATH}/Podfile.lock\" \"${PODS_ROOT}/Manifest.lock\" > /dev/null\nif [ $? != 0 ] ; then\n    # print error to STDERR\n    echo \"error: The sandbox is not in sync with the Podfile.lock. Run 'pod install' or update your CocoaPods installation.\" >&2\n    exit 1\nfi\n# This output is used by Xcode 'outputs' to avoid re-running this script phase.\necho \"SUCCESS\" > \"${SCRIPT_OUTPUT_FILE_0}\"\n";
			showEnvVarsInLog = 0;
		};
/* End PBXShellScriptBuildPhase section */

/* Begin PBXSourcesBuildPhase section */
		40BB43AD2176042C00B8850C /* Sources */ = {
			isa = PBXSourcesBuildPhase;
			buildActionMask = 2147483647;
			files = (
				4003E1DC2189B0500057DBB0 /* Api.swift in Sources */,
				404AFD9D21AB2F840042BEC1 /* RegistrationController.swift in Sources */,
				404AFD9B21AB27210042BEC1 /* Theme.swift in Sources */,
				400BF3B3218BD417004E2101 /* PostDetailsController.swift in Sources */,
				400BF3B1218BD3DC004E2101 /* PostsController.swift in Sources */,
				404AFDA321AB79080042BEC1 /* PostsDataModel.swift in Sources */,
				40BB43B72176042C00B8850C /* LoginController.swift in Sources */,
				404AFDE721AD57B80042BEC1 /* AuthModel.swift in Sources */,
				40BB43B52176042C00B8850C /* AppDelegate.swift in Sources */,
				404AFD9921A9D09D0042BEC1 /* NewPostController.swift in Sources */,
				40F99CDF218C79AF0038882D /* ProfileController.swift in Sources */,
				404AFDA821AB7F570042BEC1 /* beefboard.xcdatamodeld in Sources */,
				404AFDE921AD5CEA0042BEC1 /* PostCell.swift in Sources */,
				405A723821AEFC03003F4B8A /* RegistrationModel.swift in Sources */,
			);
			runOnlyForDeploymentPostprocessing = 0;
		};
		40BB43C12176042D00B8850C /* Sources */ = {
			isa = PBXSourcesBuildPhase;
			buildActionMask = 2147483647;
			files = (
				40BB43CA2176042D00B8850C /* beefboardTests.swift in Sources */,
			);
			runOnlyForDeploymentPostprocessing = 0;
		};
		40BB43CC2176042D00B8850C /* Sources */ = {
			isa = PBXSourcesBuildPhase;
			buildActionMask = 2147483647;
			files = (
				40BB43D52176042D00B8850C /* beefboardUITests.swift in Sources */,
			);
			runOnlyForDeploymentPostprocessing = 0;
		};
/* End PBXSourcesBuildPhase section */

/* Begin PBXTargetDependency section */
		40BB43C72176042D00B8850C /* PBXTargetDependency */ = {
			isa = PBXTargetDependency;
			target = 40BB43B02176042C00B8850C /* beefboard */;
			targetProxy = 40BB43C62176042D00B8850C /* PBXContainerItemProxy */;
		};
		40BB43D22176042D00B8850C /* PBXTargetDependency */ = {
			isa = PBXTargetDependency;
			target = 40BB43B02176042C00B8850C /* beefboard */;
			targetProxy = 40BB43D12176042D00B8850C /* PBXContainerItemProxy */;
		};
/* End PBXTargetDependency section */

/* Begin PBXVariantGroup section */
		40BB43B82176042C00B8850C /* Main.storyboard */ = {
			isa = PBXVariantGroup;
			children = (
				40BB43B92176042C00B8850C /* Base */,
				404AFDA121AB6C730042BEC1 /* en */,
			);
			name = Main.storyboard;
			sourceTree = "<group>";
		};
		40BB43BD2176042D00B8850C /* LaunchScreen.storyboard */ = {
			isa = PBXVariantGroup;
			children = (
				40BB43BE2176042D00B8850C /* Base */,
			);
			name = LaunchScreen.storyboard;
			sourceTree = "<group>";
		};
/* End PBXVariantGroup section */

/* Begin XCBuildConfiguration section */
		40BB43D72176042D00B8850C /* Debug */ = {
			isa = XCBuildConfiguration;
			buildSettings = {
				ALWAYS_SEARCH_USER_PATHS = NO;
				CLANG_ANALYZER_NONNULL = YES;
				CLANG_ANALYZER_NUMBER_OBJECT_CONVERSION = YES_AGGRESSIVE;
				CLANG_CXX_LANGUAGE_STANDARD = "gnu++14";
				CLANG_CXX_LIBRARY = "libc++";
				CLANG_ENABLE_MODULES = YES;
				CLANG_ENABLE_OBJC_ARC = YES;
				CLANG_ENABLE_OBJC_WEAK = YES;
				CLANG_WARN_BLOCK_CAPTURE_AUTORELEASING = YES;
				CLANG_WARN_BOOL_CONVERSION = YES;
				CLANG_WARN_COMMA = YES;
				CLANG_WARN_CONSTANT_CONVERSION = YES;
				CLANG_WARN_DEPRECATED_OBJC_IMPLEMENTATIONS = YES;
				CLANG_WARN_DIRECT_OBJC_ISA_USAGE = YES_ERROR;
				CLANG_WARN_DOCUMENTATION_COMMENTS = YES;
				CLANG_WARN_EMPTY_BODY = YES;
				CLANG_WARN_ENUM_CONVERSION = YES;
				CLANG_WARN_INFINITE_RECURSION = YES;
				CLANG_WARN_INT_CONVERSION = YES;
				CLANG_WARN_NON_LITERAL_NULL_CONVERSION = YES;
				CLANG_WARN_OBJC_IMPLICIT_RETAIN_SELF = YES;
				CLANG_WARN_OBJC_LITERAL_CONVERSION = YES;
				CLANG_WARN_OBJC_ROOT_CLASS = YES_ERROR;
				CLANG_WARN_RANGE_LOOP_ANALYSIS = YES;
				CLANG_WARN_STRICT_PROTOTYPES = YES;
				CLANG_WARN_SUSPICIOUS_MOVE = YES;
				CLANG_WARN_UNGUARDED_AVAILABILITY = YES_AGGRESSIVE;
				CLANG_WARN_UNREACHABLE_CODE = YES;
				CLANG_WARN__DUPLICATE_METHOD_MATCH = YES;
				CODE_SIGN_IDENTITY = "iPhone Developer";
				COPY_PHASE_STRIP = NO;
				DEBUG_INFORMATION_FORMAT = dwarf;
				ENABLE_STRICT_OBJC_MSGSEND = YES;
				ENABLE_TESTABILITY = YES;
				GCC_C_LANGUAGE_STANDARD = gnu11;
				GCC_DYNAMIC_NO_PIC = NO;
				GCC_NO_COMMON_BLOCKS = YES;
				GCC_OPTIMIZATION_LEVEL = 0;
				GCC_PREPROCESSOR_DEFINITIONS = (
					"DEBUG=1",
					"$(inherited)",
				);
				GCC_WARN_64_TO_32_BIT_CONVERSION = YES;
				GCC_WARN_ABOUT_RETURN_TYPE = YES_ERROR;
				GCC_WARN_UNDECLARED_SELECTOR = YES;
				GCC_WARN_UNINITIALIZED_AUTOS = YES_AGGRESSIVE;
				GCC_WARN_UNUSED_FUNCTION = YES;
				GCC_WARN_UNUSED_VARIABLE = YES;
				IPHONEOS_DEPLOYMENT_TARGET = 12.0;
				MTL_ENABLE_DEBUG_INFO = INCLUDE_SOURCE;
				MTL_FAST_MATH = YES;
				ONLY_ACTIVE_ARCH = YES;
				SDKROOT = iphoneos;
				SWIFT_ACTIVE_COMPILATION_CONDITIONS = DEBUG;
				SWIFT_OPTIMIZATION_LEVEL = "-Onone";
			};
			name = Debug;
		};
		40BB43D82176042D00B8850C /* Release */ = {
			isa = XCBuildConfiguration;
			buildSettings = {
				ALWAYS_SEARCH_USER_PATHS = NO;
				CLANG_ANALYZER_NONNULL = YES;
				CLANG_ANALYZER_NUMBER_OBJECT_CONVERSION = YES_AGGRESSIVE;
				CLANG_CXX_LANGUAGE_STANDARD = "gnu++14";
				CLANG_CXX_LIBRARY = "libc++";
				CLANG_ENABLE_MODULES = YES;
				CLANG_ENABLE_OBJC_ARC = YES;
				CLANG_ENABLE_OBJC_WEAK = YES;
				CLANG_WARN_BLOCK_CAPTURE_AUTORELEASING = YES;
				CLANG_WARN_BOOL_CONVERSION = YES;
				CLANG_WARN_COMMA = YES;
				CLANG_WARN_CONSTANT_CONVERSION = YES;
				CLANG_WARN_DEPRECATED_OBJC_IMPLEMENTATIONS = YES;
				CLANG_WARN_DIRECT_OBJC_ISA_USAGE = YES_ERROR;
				CLANG_WARN_DOCUMENTATION_COMMENTS = YES;
				CLANG_WARN_EMPTY_BODY = YES;
				CLANG_WARN_ENUM_CONVERSION = YES;
				CLANG_WARN_INFINITE_RECURSION = YES;
				CLANG_WARN_INT_CONVERSION = YES;
				CLANG_WARN_NON_LITERAL_NULL_CONVERSION = YES;
				CLANG_WARN_OBJC_IMPLICIT_RETAIN_SELF = YES;
				CLANG_WARN_OBJC_LITERAL_CONVERSION = YES;
				CLANG_WARN_OBJC_ROOT_CLASS = YES_ERROR;
				CLANG_WARN_RANGE_LOOP_ANALYSIS = YES;
				CLANG_WARN_STRICT_PROTOTYPES = YES;
				CLANG_WARN_SUSPICIOUS_MOVE = YES;
				CLANG_WARN_UNGUARDED_AVAILABILITY = YES_AGGRESSIVE;
				CLANG_WARN_UNREACHABLE_CODE = YES;
				CLANG_WARN__DUPLICATE_METHOD_MATCH = YES;
				CODE_SIGN_IDENTITY = "iPhone Developer";
				COPY_PHASE_STRIP = NO;
				DEBUG_INFORMATION_FORMAT = "dwarf-with-dsym";
				ENABLE_NS_ASSERTIONS = NO;
				ENABLE_STRICT_OBJC_MSGSEND = YES;
				GCC_C_LANGUAGE_STANDARD = gnu11;
				GCC_NO_COMMON_BLOCKS = YES;
				GCC_WARN_64_TO_32_BIT_CONVERSION = YES;
				GCC_WARN_ABOUT_RETURN_TYPE = YES_ERROR;
				GCC_WARN_UNDECLARED_SELECTOR = YES;
				GCC_WARN_UNINITIALIZED_AUTOS = YES_AGGRESSIVE;
				GCC_WARN_UNUSED_FUNCTION = YES;
				GCC_WARN_UNUSED_VARIABLE = YES;
				IPHONEOS_DEPLOYMENT_TARGET = 12.0;
				MTL_ENABLE_DEBUG_INFO = NO;
				MTL_FAST_MATH = YES;
				SDKROOT = iphoneos;
				SWIFT_COMPILATION_MODE = wholemodule;
				SWIFT_OPTIMIZATION_LEVEL = "-O";
				VALIDATE_PRODUCT = YES;
			};
			name = Release;
		};
		40BB43DA2176042D00B8850C /* Debug */ = {
			isa = XCBuildConfiguration;
			baseConfigurationReference = 5233F8C02C25FE2F47BF4268 /* Pods-beefboard.debug.xcconfig */;
			buildSettings = {
				ASSETCATALOG_COMPILER_APPICON_NAME = AppIcon;
				CODE_SIGN_STYLE = Automatic;
				DEVELOPMENT_TEAM = 5K82BW7QAQ;
				FRAMEWORK_SEARCH_PATHS = (
					"$(inherited)",
					"$(PROJECT_DIR)/Carthage/Build/iOS",
				);
				INFOPLIST_FILE = beefboard/Info.plist;
				LD_RUNPATH_SEARCH_PATHS = (
					"$(inherited)",
					"@executable_path/Frameworks",
				);
				PRODUCT_BUNDLE_IDENTIFIER = uk.ac.coventry.bello.beefboard;
				PRODUCT_NAME = "$(TARGET_NAME)";
				SWIFT_VERSION = 4.2;
				TARGETED_DEVICE_FAMILY = "1,2";
			};
			name = Debug;
		};
		40BB43DB2176042D00B8850C /* Release */ = {
			isa = XCBuildConfiguration;
			baseConfigurationReference = 3F773A8575180CE9EA4EB9A2 /* Pods-beefboard.release.xcconfig */;
			buildSettings = {
				ASSETCATALOG_COMPILER_APPICON_NAME = AppIcon;
				CODE_SIGN_STYLE = Automatic;
				DEVELOPMENT_TEAM = 5K82BW7QAQ;
				FRAMEWORK_SEARCH_PATHS = (
					"$(inherited)",
					"$(PROJECT_DIR)/Carthage/Build/iOS",
				);
				INFOPLIST_FILE = beefboard/Info.plist;
				LD_RUNPATH_SEARCH_PATHS = (
					"$(inherited)",
					"@executable_path/Frameworks",
				);
				PRODUCT_BUNDLE_IDENTIFIER = uk.ac.coventry.bello.beefboard;
				PRODUCT_NAME = "$(TARGET_NAME)";
				SWIFT_VERSION = 4.2;
				TARGETED_DEVICE_FAMILY = "1,2";
			};
			name = Release;
		};
		40BB43DD2176042D00B8850C /* Debug */ = {
			isa = XCBuildConfiguration;
			buildSettings = {
				ALWAYS_EMBED_SWIFT_STANDARD_LIBRARIES = YES;
				BUNDLE_LOADER = "$(TEST_HOST)";
				CODE_SIGN_STYLE = Automatic;
				DEVELOPMENT_TEAM = 5K82BW7QAQ;
				INFOPLIST_FILE = beefboardTests/Info.plist;
				LD_RUNPATH_SEARCH_PATHS = (
					"$(inherited)",
					"@executable_path/Frameworks",
					"@loader_path/Frameworks",
				);
				PRODUCT_BUNDLE_IDENTIFIER = uk.ac.coventry.bello.beefboardTests;
				PRODUCT_NAME = "$(TARGET_NAME)";
				SWIFT_VERSION = 4.2;
				TARGETED_DEVICE_FAMILY = "1,2";
				TEST_HOST = "$(BUILT_PRODUCTS_DIR)/beefboard.app/beefboard";
			};
			name = Debug;
		};
		40BB43DE2176042D00B8850C /* Release */ = {
			isa = XCBuildConfiguration;
			buildSettings = {
				ALWAYS_EMBED_SWIFT_STANDARD_LIBRARIES = YES;
				BUNDLE_LOADER = "$(TEST_HOST)";
				CODE_SIGN_STYLE = Automatic;
				DEVELOPMENT_TEAM = 5K82BW7QAQ;
				INFOPLIST_FILE = beefboardTests/Info.plist;
				LD_RUNPATH_SEARCH_PATHS = (
					"$(inherited)",
					"@executable_path/Frameworks",
					"@loader_path/Frameworks",
				);
				PRODUCT_BUNDLE_IDENTIFIER = uk.ac.coventry.bello.beefboardTests;
				PRODUCT_NAME = "$(TARGET_NAME)";
				SWIFT_VERSION = 4.2;
				TARGETED_DEVICE_FAMILY = "1,2";
				TEST_HOST = "$(BUILT_PRODUCTS_DIR)/beefboard.app/beefboard";
			};
			name = Release;
		};
		40BB43E02176042D00B8850C /* Debug */ = {
			isa = XCBuildConfiguration;
			buildSettings = {
				ALWAYS_EMBED_SWIFT_STANDARD_LIBRARIES = YES;
				CODE_SIGN_STYLE = Automatic;
				DEVELOPMENT_TEAM = 5K82BW7QAQ;
				INFOPLIST_FILE = beefboardUITests/Info.plist;
				LD_RUNPATH_SEARCH_PATHS = (
					"$(inherited)",
					"@executable_path/Frameworks",
					"@loader_path/Frameworks",
				);
				PRODUCT_BUNDLE_IDENTIFIER = uk.ac.coventry.bello.beefboardUITests;
				PRODUCT_NAME = "$(TARGET_NAME)";
				SWIFT_VERSION = 4.2;
				TARGETED_DEVICE_FAMILY = "1,2";
				TEST_TARGET_NAME = beefboard;
			};
			name = Debug;
		};
		40BB43E12176042D00B8850C /* Release */ = {
			isa = XCBuildConfiguration;
			buildSettings = {
				ALWAYS_EMBED_SWIFT_STANDARD_LIBRARIES = YES;
				CODE_SIGN_STYLE = Automatic;
				DEVELOPMENT_TEAM = 5K82BW7QAQ;
				INFOPLIST_FILE = beefboardUITests/Info.plist;
				LD_RUNPATH_SEARCH_PATHS = (
					"$(inherited)",
					"@executable_path/Frameworks",
					"@loader_path/Frameworks",
				);
				PRODUCT_BUNDLE_IDENTIFIER = uk.ac.coventry.bello.beefboardUITests;
				PRODUCT_NAME = "$(TARGET_NAME)";
				SWIFT_VERSION = 4.2;
				TARGETED_DEVICE_FAMILY = "1,2";
				TEST_TARGET_NAME = beefboard;
			};
			name = Release;
		};
/* End XCBuildConfiguration section */

/* Begin XCConfigurationList section */
		40BB43AC2176042C00B8850C /* Build configuration list for PBXProject "beefboard" */ = {
			isa = XCConfigurationList;
			buildConfigurations = (
				40BB43D72176042D00B8850C /* Debug */,
				40BB43D82176042D00B8850C /* Release */,
			);
			defaultConfigurationIsVisible = 0;
			defaultConfigurationName = Release;
		};
		40BB43D92176042D00B8850C /* Build configuration list for PBXNativeTarget "beefboard" */ = {
			isa = XCConfigurationList;
			buildConfigurations = (
				40BB43DA2176042D00B8850C /* Debug */,
				40BB43DB2176042D00B8850C /* Release */,
			);
			defaultConfigurationIsVisible = 0;
			defaultConfigurationName = Release;
		};
		40BB43DC2176042D00B8850C /* Build configuration list for PBXNativeTarget "beefboardTests" */ = {
			isa = XCConfigurationList;
			buildConfigurations = (
				40BB43DD2176042D00B8850C /* Debug */,
				40BB43DE2176042D00B8850C /* Release */,
			);
			defaultConfigurationIsVisible = 0;
			defaultConfigurationName = Release;
		};
		40BB43DF2176042D00B8850C /* Build configuration list for PBXNativeTarget "beefboardUITests" */ = {
			isa = XCConfigurationList;
			buildConfigurations = (
				40BB43E02176042D00B8850C /* Debug */,
				40BB43E12176042D00B8850C /* Release */,
			);
			defaultConfigurationIsVisible = 0;
			defaultConfigurationName = Release;
		};
/* End XCConfigurationList section */

/* Begin XCVersionGroup section */
		404AFDA621AB7F570042BEC1 /* beefboard.xcdatamodeld */ = {
			isa = XCVersionGroup;
			children = (
				404AFDA721AB7F570042BEC1 /* Posts.xcdatamodel */,
			);
			currentVersion = 404AFDA721AB7F570042BEC1 /* Posts.xcdatamodel */;
			path = beefboard.xcdatamodeld;
			sourceTree = "<group>";
			versionGroupType = wrapper.xcdatamodel;
		};
/* End XCVersionGroup section */
	};
	rootObject = 40BB43A92176042C00B8850C /* Project object */;
}
